{
  "originHash" : "1d6b0c2f12728d00495aa3ed5a9f7ebb4a5dce75ed02656ba6342ed4562c7cba",
  "pins" : [
    {
      "identity" : "jinja",
      "kind" : "remoteSourceControl",
      "location" : "https://github.com/maiqingqiang/Jinja",
      "state" : {
        "revision" : "6dbe4c449469fb586d0f7339f900f0dd4d78b167",
        "version" : "1.0.6"
      }
    },
    {
      "identity" : "swift-argument-parser",
      "kind" : "remoteSourceControl",
      "location" : "https://github.com/apple/swift-argument-parser.git",
      "state" : {
        "revision" : "41982a3656a71c768319979febd796c6fd111d5c",
        "version" : "1.5.0"
      }
    },
    {
      "identity" : "swift-embeddings",
      "kind" : "remoteSourceControl",
      "location" : "https://github.com/jkrukowski/swift-embeddings.git",
      "state" : {
        "revision" : "d8726665fe8650fd2279f87825774e111fac893d",
        "version" : "0.0.10"
      }
    },
    {
      "identity" : "swift-safetensors",
      "kind" : "remoteSourceControl",
      "location" : "https://github.com/jkrukowski/swift-safetensors.git",
      "state" : {
        "revision" : "718b0f38f912e0bf9d92130fa1e1fe2ae5136dd6",
        "version" : "0.0.7"
      }
    },
    {
      "identity" : "swift-sentencepiece",
      "kind" : "remoteSourceControl",
      "location" : "https://github.com/jkrukowski/swift-sentencepiece",
      "state" : {
        "revision" : "75d725019ff0b75fbbd7128314fe6710c5a86df0",
        "version" : "0.0.5"
      }
    },
    {
      "identity" : "swift-transformers",
      "kind" : "remoteSourceControl",
      "location" : "https://github.com/huggingface/swift-transformers",
      "state" : {
        "revision" : "d42fdae473c49ea216671da8caae58e102d28709",
        "version" : "0.1.14"
      }
    }
  ],
  "version" : 3
}
