{
  "originHash" : "6db3b74627697ac586e400fabd67629791185e08ed51fb68cf82ab175e2330c2",
  "pins" : [
    {
      "identity" : "gzipswift",
      "kind" : "remoteSourceControl",
      "location" : "https://github.com/1024jp/GzipSwift",
      "state" : {
        "revision" : "731037f6cc2be2ec01562f6597c1d0aa3fe6fd05",
        "version" : "6.0.1"
      }
    },
    {
      "identity" : "jinja",
      "kind" : "remoteSourceControl",
      "location" : "https://github.com/johnmai-dev/Jinja",
      "state" : {
        "revision" : "bbddb92fc51ae420b87300298370fd1dfc308f73",
        "version" : "1.1.1"
      }
    },
    {
      "identity" : "mlx-swift",
      "kind" : "remoteSourceControl",
      "location" : "https://github.com/ml-explore/mlx-swift",
      "state" : {
        "revision" : "70dbb62128a5a1471a5ab80363430adb33470cab",
        "version" : "0.21.2"
      }
    },
    {
      "identity" : "mlx-swift-examples",
      "kind" : "remoteSourceControl",
      "location" : "https://github.com/ml-explore/mlx-swift-examples/",
      "state" : {
        "branch" : "main",
        "revision" : "cb66b4bc6bc1a69663837881e7f1260cd49d6b59"
      }
    },
    {
      "identity" : "swift-argument-parser",
      "kind" : "remoteSourceControl",
      "location" : "https://github.com/apple/swift-argument-parser.git",
      "state" : {
        "revision" : "0fbc8848e389af3bb55c182bc19ca9d5dc2f255b",
        "version" : "1.4.0"
      }
    },
    {
      "identity" : "swift-collections",
      "kind" : "remoteSourceControl",
      "location" : "https://github.com/apple/swift-collections.git",
      "state" : {
        "revision" : "671108c96644956dddcd89dd59c203dcdb36cec7",
        "version" : "1.1.4"
      }
    },
    {
      "identity" : "swift-embeddings",
      "kind" : "remoteSourceControl",
      "location" : "https://github.com/jkrukowski/swift-embeddings.git",
      "state" : {
        "revision" : "419c52ea50238435218c587e3bebfe290ee91287",
        "version" : "0.0.13"
      }
    },
    {
      "identity" : "swift-numerics",
      "kind" : "remoteSourceControl",
      "location" : "https://github.com/apple/swift-numerics",
      "state" : {
        "revision" : "0a5bc04095a675662cf24757cc0640aa2204253b",
        "version" : "1.0.2"
      }
    },
    {
      "identity" : "swift-safetensors",
      "kind" : "remoteSourceControl",
      "location" : "https://github.com/jkrukowski/swift-safetensors.git",
      "state" : {
        "revision" : "718b0f38f912e0bf9d92130fa1e1fe2ae5136dd6",
        "version" : "0.0.7"
      }
    },
    {
      "identity" : "swift-sentencepiece",
      "kind" : "remoteSourceControl",
      "location" : "https://github.com/jkrukowski/swift-sentencepiece",
      "state" : {
        "revision" : "36a8b2b45733f6adb3092100f16e4c7d38a10a7c",
        "version" : "0.0.6"
      }
    },
    {
      "identity" : "swift-transformers",
      "kind" : "remoteSourceControl",
      "location" : "https://github.com/huggingface/swift-transformers",
      "state" : {
        "revision" : "be855fac725dbae27264e47a3eb535cc422a4ba8",
        "version" : "0.1.18"
      }
    }
  ],
  "version" : 3
}
